{
	"name": "@music-player/http-api",
	"version": "0.1.0",
	"lockfileVersion": 2,
	"requires": true,
	"packages": {
		"": {
			"name": "@music-player/http-api",
			"version": "0.1.0",
			"license": "MIT",
			"devDependencies": {
				"@music-player/cli": "file:../cli",
				"pyright": "1.1.185"
			},
			"engines": {
				"node": "16"
			}
		},
		"../cli": {
			"name": "@music-player/cli",
			"version": "0.1.0",
			"dev": true,
			"license": "MIT",
			"dependencies": {
				"open": "8.4.0",
				"yargs": "17.2.1"
			},
			"bin": {
				"cli": "src/index.js"
			},
			"devDependencies": {
				"@busybox/eslint-config": "5.6.2",
				"@busybox/prettier-config": "1.2.0",
				"eslint": "7.32.0"
			},
			"engines": {
				"node": "16"
			}
		},
		"node_modules/@music-player/cli": {
			"resolved": "../cli",
			"link": true
		},
		"node_modules/pyright": {
			"version": "1.1.185",
			"resolved": "https://registry.npmjs.org/pyright/-/pyright-1.1.185.tgz",
			"integrity": "sha512-IJeRSdZv8Rl/GB8Bpws8XEf7YgVLH+taEOMXSVhqKFrerW29rn9vW7sPkNy2o3IkjEF3CxZyqf5UBewTbnah2g==",
			"dev": true,
			"bin": {
				"pyright": "index.js",
				"pyright-langserver": "langserver.index.js"
			},
			"engines": {
				"node": ">=12.0.0"
			}
		}
	},
	"dependencies": {
		"@music-player/cli": {
			"version": "file:../cli",
			"requires": {
				"@busybox/eslint-config": "5.6.2",
				"@busybox/prettier-config": "1.2.0",
				"eslint": "7.32.0",
				"open": "8.4.0",
				"yargs": "17.2.1"
			}
		},
		"pyright": {
			"version": "1.1.185",
			"resolved": "https://registry.npmjs.org/pyright/-/pyright-1.1.185.tgz",
			"integrity": "sha512-IJeRSdZv8Rl/GB8Bpws8XEf7YgVLH+taEOMXSVhqKFrerW29rn9vW7sPkNy2o3IkjEF3CxZyqf5UBewTbnah2g==",
			"dev": true
		}
	}
}
